
Microsoft Visual Studio Solution File, Format Version 12.00
# Visual Studio Version 16
VisualStudioVersion = 16.0.31515.178
MinimumVisualStudioVersion = 10.0.40219.1
Project("{FAE04EC0-301F-11D3-BF4B-00C04F79EFBC}") = "hello_world", "hello_world\hello_world.csproj", "{6EF4F952-9AE8-4EE4-A2A9-D58C4D8FAB9B}"
EndProject
Global
	GlobalSection(SolutionConfigurationPlatforms) = preSolution
		Debug|Any CPU = Debug|Any CPU
		Release|Any CPU = Release|Any CPU
	EndGlobalSection
	GlobalSection(ProjectConfigurationPlatforms) = postSolution
		{6EF4F952-9AE8-4EE4-A2A9-D58C4D8FAB9B}.Debug|Any CPU.ActiveCfg = Debug|Any CPU
		{6EF4F952-9AE8-4EE4-A2A9-D58C4D8FAB9B}.Debug|Any CPU.Build.0 = Debug|Any CPU
		{6EF4F952-9AE8-4EE4-A2A9-D58C4D8FAB9B}.Release|Any CPU.ActiveCfg = Release|Any CPU
		{6EF4F952-9AE8-4EE4-A2A9-D58C4D8FAB9B}.Release|Any CPU.Build.0 = Release|Any CPU
	EndGlobalSection
	GlobalSection(SolutionProperties) = preSolution
		HideSolutionNode = FALSE
	EndGlobalSection
	GlobalSection(ExtensibilityGlobals) = postSolution
		SolutionGuid = {5D7CFA01-E1EE-4DCA-B9A6-75CCDD4C55A9}
	EndGlobalSection
EndGlobal
