
Microsoft Visual Studio Solution File, Format Version 12.00
# Visual Studio Version 16
VisualStudioVersion = 16.0.31515.178
MinimumVisualStudioVersion = 10.0.40219.1
Project("{FAE04EC0-301F-11D3-BF4B-00C04F79EFBC}") = "HelloWorld_console", "HelloWorld_console\HelloWorld_console.csproj", "{CE9EB523-8FEC-451C-BCFE-1A2A0869A929}"
EndProject
Global
	GlobalSection(SolutionConfigurationPlatforms) = preSolution
		Debug|Any CPU = Debug|Any CPU
		Release|Any CPU = Release|Any CPU
	EndGlobalSection
	GlobalSection(ProjectConfigurationPlatforms) = postSolution
		{CE9EB523-8FEC-451C-BCFE-1A2A0869A929}.Debug|Any CPU.ActiveCfg = Debug|Any CPU
		{CE9EB523-8FEC-451C-BCFE-1A2A0869A929}.Debug|Any CPU.Build.0 = Debug|Any CPU
		{CE9EB523-8FEC-451C-BCFE-1A2A0869A929}.Release|Any CPU.ActiveCfg = Release|Any CPU
		{CE9EB523-8FEC-451C-BCFE-1A2A0869A929}.Release|Any CPU.Build.0 = Release|Any CPU
	EndGlobalSection
	GlobalSection(SolutionProperties) = preSolution
		HideSolutionNode = FALSE
	EndGlobalSection
	GlobalSection(ExtensibilityGlobals) = postSolution
		SolutionGuid = {193A2FA8-2CBF-4E15-8E8C-1A851189F272}
	EndGlobalSection
EndGlobal
